// !$*UTF8*$!
{
	archiveVersion = 1;
	classes = {
	};
	objectVersion = 56;
	objects = {

/* Begin PBXBuildFile section */
		8C5243FC2B4B7181000EF274 /* FrutasApp.swift in Sources */ = {isa = PBXBuildFile; fileRef = 8C5243FB2B4B7181000EF274 /* FrutasApp.swift */; };
		8C5243FE2B4B7181000EF274 /* ContentView.swift in Sources */ = {isa = PBXBuildFile; fileRef = 8C5243FD2B4B7181000EF274 /* ContentView.swift */; };
		8C5244002B4B7183000EF274 /* Assets.xcassets in Resources */ = {isa = PBXBuildFile; fileRef = 8C5243FF2B4B7183000EF274 /* Assets.xcassets */; };
		8C5244032B4B7183000EF274 /* Preview Assets.xcassets in Resources */ = {isa = PBXBuildFile; fileRef = 8C5244022B4B7183000EF274 /* Preview Assets.xcassets */; };
		8C52440D2B4B7570000EF274 /* FruitCardView.swift in Sources */ = {isa = PBXBuildFile; fileRef = 8C52440C2B4B7570000EF274 /* FruitCardView.swift */; };
		8C52440F2B4B76D2000EF274 /* ColorExtension.swift in Sources */ = {isa = PBXBuildFile; fileRef = 8C52440E2B4B76D2000EF274 /* ColorExtension.swift */; };
		8C5244112B4B7D92000EF274 /* StartButtonView.swift in Sources */ = {isa = PBXBuildFile; fileRef = 8C5244102B4B7D92000EF274 /* StartButtonView.swift */; };
		8C5244132B4B8132000EF274 /* OnboardingView.swift in Sources */ = {isa = PBXBuildFile; fileRef = 8C5244122B4B8132000EF274 /* OnboardingView.swift */; };
		8C5244162B4B8D97000EF274 /* FruitModel.swift in Sources */ = {isa = PBXBuildFile; fileRef = 8C5244152B4B8D97000EF274 /* FruitModel.swift */; };
		8C5244192B4B8E58000EF274 /* FruitData.swift in Sources */ = {isa = PBXBuildFile; fileRef = 8C5244182B4B8E58000EF274 /* FruitData.swift */; };
		8C52441F2B4BC230000EF274 /* FruitRowCell.swift in Sources */ = {isa = PBXBuildFile; fileRef = 8C52441E2B4BC230000EF274 /* FruitRowCell.swift */; };
/* End PBXBuildFile section */

/* Begin PBXFileReference section */
		8C5243F82B4B7181000EF274 /* Frutas.app */ = {isa = PBXFileReference; explicitFileType = wrapper.application; includeInIndex = 0; path = Frutas.app; sourceTree = BUILT_PRODUCTS_DIR; };
		8C5243FB2B4B7181000EF274 /* FrutasApp.swift */ = {isa = PBXFileReference; lastKnownFileType = sourcecode.swift; path = FrutasApp.swift; sourceTree = "<group>"; };
		8C5243FD2B4B7181000EF274 /* ContentView.swift */ = {isa = PBXFileReference; lastKnownFileType = sourcecode.swift; path = ContentView.swift; sourceTree = "<group>"; };
		8C5243FF2B4B7183000EF274 /* Assets.xcassets */ = {isa = PBXFileReference; lastKnownFileType = folder.assetcatalog; path = Assets.xcassets; sourceTree = "<group>"; };
		8C5244022B4B7183000EF274 /* Preview Assets.xcassets */ = {isa = PBXFileReference; lastKnownFileType = folder.assetcatalog; path = "Preview Assets.xcassets"; sourceTree = "<group>"; };
		8C52440C2B4B7570000EF274 /* FruitCardView.swift */ = {isa = PBXFileReference; lastKnownFileType = sourcecode.swift; path = FruitCardView.swift; sourceTree = "<group>"; };
		8C52440E2B4B76D2000EF274 /* ColorExtension.swift */ = {isa = PBXFileReference; lastKnownFileType = sourcecode.swift; path = ColorExtension.swift; sourceTree = "<group>"; };
		8C5244102B4B7D92000EF274 /* StartButtonView.swift */ = {isa = PBXFileReference; lastKnownFileType = sourcecode.swift; path = StartButtonView.swift; sourceTree = "<group>"; };
		8C5244122B4B8132000EF274 /* OnboardingView.swift */ = {isa = PBXFileReference; lastKnownFileType = sourcecode.swift; path = OnboardingView.swift; sourceTree = "<group>"; };
		8C5244152B4B8D97000EF274 /* FruitModel.swift */ = {isa = PBXFileReference; lastKnownFileType = sourcecode.swift; path = FruitModel.swift; sourceTree = "<group>"; };
		8C5244182B4B8E58000EF274 /* FruitData.swift */ = {isa = PBXFileReference; lastKnownFileType = sourcecode.swift; path = FruitData.swift; sourceTree = "<group>"; };
		8C52441E2B4BC230000EF274 /* FruitRowCell.swift */ = {isa = PBXFileReference; lastKnownFileType = sourcecode.swift; path = FruitRowCell.swift; sourceTree = "<group>"; };
/* End PBXFileReference section */

/* Begin PBXFrameworksBuildPhase section */
		8C5243F52B4B7181000EF274 /* Frameworks */ = {
			isa = PBXFrameworksBuildPhase;
			buildActionMask = 2147483647;
			files = (
			);
			runOnlyForDeploymentPostprocessing = 0;
		};
/* End PBXFrameworksBuildPhase section */

/* Begin PBXGroup section */
		8C5243EF2B4B7181000EF274 = {
			isa = PBXGroup;
			children = (
				8C5243FA2B4B7181000EF274 /* Frutas */,
				8C5243F92B4B7181000EF274 /* Products */,
			);
			sourceTree = "<group>";
		};
		8C5243F92B4B7181000EF274 /* Products */ = {
			isa = PBXGroup;
			children = (
				8C5243F82B4B7181000EF274 /* Frutas.app */,
			);
			name = Products;
			sourceTree = "<group>";
		};
		8C5243FA2B4B7181000EF274 /* Frutas */ = {
			isa = PBXGroup;
			children = (
				8C5244172B4B8E4B000EF274 /* Data */,
				8C5244142B4B8D8E000EF274 /* Model */,
				8C52440B2B4B7555000EF274 /* App */,
				8C5244092B4B74E5000EF274 /* Views */,
				8C52440A2B4B74F0000EF274 /* Utility */,
				8C5243FF2B4B7183000EF274 /* Assets.xcassets */,
				8C5244012B4B7183000EF274 /* Preview Content */,
			);
			path = Frutas;
			sourceTree = "<group>";
		};
		8C5244012B4B7183000EF274 /* Preview Content */ = {
			isa = PBXGroup;
			children = (
				8C5244022B4B7183000EF274 /* Preview Assets.xcassets */,
			);
			path = "Preview Content";
			sourceTree = "<group>";
		};
		8C5244092B4B74E5000EF274 /* Views */ = {
			isa = PBXGroup;
			children = (
				8C52440C2B4B7570000EF274 /* FruitCardView.swift */,
				8C5244102B4B7D92000EF274 /* StartButtonView.swift */,
				8C52441E2B4BC230000EF274 /* FruitRowCell.swift */,
			);
			path = Views;
			sourceTree = "<group>";
		};
		8C52440A2B4B74F0000EF274 /* Utility */ = {
			isa = PBXGroup;
			children = (
				8C52440E2B4B76D2000EF274 /* ColorExtension.swift */,
			);
			path = Utility;
			sourceTree = "<group>";
		};
		8C52440B2B4B7555000EF274 /* App */ = {
			isa = PBXGroup;
			children = (
				8C5243FB2B4B7181000EF274 /* FrutasApp.swift */,
				8C5243FD2B4B7181000EF274 /* ContentView.swift */,
				8C5244122B4B8132000EF274 /* OnboardingView.swift */,
			);
			path = App;
			sourceTree = "<group>";
		};
		8C5244142B4B8D8E000EF274 /* Model */ = {
			isa = PBXGroup;
			children = (
				8C5244152B4B8D97000EF274 /* FruitModel.swift */,
			);
			path = Model;
			sourceTree = "<group>";
		};
		8C5244172B4B8E4B000EF274 /* Data */ = {
			isa = PBXGroup;
			children = (
				8C5244182B4B8E58000EF274 /* FruitData.swift */,
			);
			path = Data;
			sourceTree = "<group>";
		};
/* End PBXGroup section */

/* Begin PBXNativeTarget section */
		8C5243F72B4B7181000EF274 /* Frutas */ = {
			isa = PBXNativeTarget;
			buildConfigurationList = 8C5244062B4B7183000EF274 /* Build configuration list for PBXNativeTarget "Frutas" */;
			buildPhases = (
				8C5243F42B4B7181000EF274 /* Sources */,
				8C5243F52B4B7181000EF274 /* Frameworks */,
				8C5243F62B4B7181000EF274 /* Resources */,
			);
			buildRules = (
			);
			dependencies = (
			);
			name = Frutas;
			productName = Frutas;
			productReference = 8C5243F82B4B7181000EF274 /* Frutas.app */;
			productType = "com.apple.product-type.application";
		};
/* End PBXNativeTarget section */

/* Begin PBXProject section */
		8C5243F02B4B7181000EF274 /* Project object */ = {
			isa = PBXProject;
			attributes = {
				BuildIndependentTargetsInParallel = 1;
				LastSwiftUpdateCheck = 1500;
				LastUpgradeCheck = 1500;
				TargetAttributes = {
					8C5243F72B4B7181000EF274 = {
						CreatedOnToolsVersion = 15.0.1;
					};
				};
			};
			buildConfigurationList = 8C5243F32B4B7181000EF274 /* Build configuration list for PBXProject "Frutas" */;
			compatibilityVersion = "Xcode 14.0";
			developmentRegion = en;
			hasScannedForEncodings = 0;
			knownRegions = (
				en,
				Base,
			);
			mainGroup = 8C5243EF2B4B7181000EF274;
			productRefGroup = 8C5243F92B4B7181000EF274 /* Products */;
			projectDirPath = "";
			projectRoot = "";
			targets = (
				8C5243F72B4B7181000EF274 /* Frutas */,
			);
		};
/* End PBXProject section */

/* Begin PBXResourcesBuildPhase section */
		8C5243F62B4B7181000EF274 /* Resources */ = {
			isa = PBXResourcesBuildPhase;
			buildActionMask = 2147483647;
			files = (
				8C5244032B4B7183000EF274 /* Preview Assets.xcassets in Resources */,
				8C5244002B4B7183000EF274 /* Assets.xcassets in Resources */,
			);
			runOnlyForDeploymentPostprocessing = 0;
		};
/* End PBXResourcesBuildPhase section */

/* Begin PBXSourcesBuildPhase section */
		8C5243F42B4B7181000EF274 /* Sources */ = {
			isa = PBXSourcesBuildPhase;
			buildActionMask = 2147483647;
			files = (
				8C52440D2B4B7570000EF274 /* FruitCardView.swift in Sources */,
				8C52441F2B4BC230000EF274 /* FruitRowCell.swift in Sources */,
				8C5244162B4B8D97000EF274 /* FruitModel.swift in Sources */,
				8C5243FE2B4B7181000EF274 /* ContentView.swift in Sources */,
				8C5243FC2B4B7181000EF274 /* FrutasApp.swift in Sources */,
				8C5244132B4B8132000EF274 /* OnboardingView.swift in Sources */,
				8C5244112B4B7D92000EF274 /* StartButtonView.swift in Sources */,
				8C5244192B4B8E58000EF274 /* FruitData.swift in Sources */,
				8C52440F2B4B76D2000EF274 /* ColorExtension.swift in Sources */,
			);
			runOnlyForDeploymentPostprocessing = 0;
		};
/* End PBXSourcesBuildPhase section */

/* Begin XCBuildConfiguration section */
		8C5244042B4B7183000EF274 /* Debug */ = {
			isa = XCBuildConfiguration;
			buildSettings = {
				ALWAYS_SEARCH_USER_PATHS = NO;
				ASSETCATALOG_COMPILER_GENERATE_SWIFT_ASSET_SYMBOL_EXTENSIONS = YES;
				CLANG_ANALYZER_NONNULL = YES;
				CLANG_ANALYZER_NUMBER_OBJECT_CONVERSION = YES_AGGRESSIVE;
				CLANG_CXX_LANGUAGE_STANDARD = "gnu++20";
				CLANG_ENABLE_MODULES = YES;
				CLANG_ENABLE_OBJC_ARC = YES;
				CLANG_ENABLE_OBJC_WEAK = YES;
				CLANG_WARN_BLOCK_CAPTURE_AUTORELEASING = YES;
				CLANG_WARN_BOOL_CONVERSION = YES;
				CLANG_WARN_COMMA = YES;
				CLANG_WARN_CONSTANT_CONVERSION = YES;
				CLANG_WARN_DEPRECATED_OBJC_IMPLEMENTATIONS = YES;
				CLANG_WARN_DIRECT_OBJC_ISA_USAGE = YES_ERROR;
				CLANG_WARN_DOCUMENTATION_COMMENTS = YES;
				CLANG_WARN_EMPTY_BODY = YES;
				CLANG_WARN_ENUM_CONVERSION = YES;
				CLANG_WARN_INFINITE_RECURSION = YES;
				CLANG_WARN_INT_CONVERSION = YES;
				CLANG_WARN_NON_LITERAL_NULL_CONVERSION = YES;
				CLANG_WARN_OBJC_IMPLICIT_RETAIN_SELF = YES;
				CLANG_WARN_OBJC_LITERAL_CONVERSION = YES;
				CLANG_WARN_OBJC_ROOT_CLASS = YES_ERROR;
				CLANG_WARN_QUOTED_INCLUDE_IN_FRAMEWORK_HEADER = YES;
				CLANG_WARN_RANGE_LOOP_ANALYSIS = YES;
				CLANG_WARN_STRICT_PROTOTYPES = YES;
				CLANG_WARN_SUSPICIOUS_MOVE = YES;
				CLANG_WARN_UNGUARDED_AVAILABILITY = YES_AGGRESSIVE;
				CLANG_WARN_UNREACHABLE_CODE = YES;
				CLANG_WARN__DUPLICATE_METHOD_MATCH = YES;
				COPY_PHASE_STRIP = NO;
				DEBUG_INFORMATION_FORMAT = dwarf;
				ENABLE_STRICT_OBJC_MSGSEND = YES;
				ENABLE_TESTABILITY = YES;
				ENABLE_USER_SCRIPT_SANDBOXING = YES;
				GCC_C_LANGUAGE_STANDARD = gnu17;
				GCC_DYNAMIC_NO_PIC = NO;
				GCC_NO_COMMON_BLOCKS = YES;
				GCC_OPTIMIZATION_LEVEL = 0;
				GCC_PREPROCESSOR_DEFINITIONS = (
					"DEBUG=1",
					"$(inherited)",
				);
				GCC_WARN_64_TO_32_BIT_CONVERSION = YES;
				GCC_WARN_ABOUT_RETURN_TYPE = YES_ERROR;
				GCC_WARN_UNDECLARED_SELECTOR = YES;
				GCC_WARN_UNINITIALIZED_AUTOS = YES_AGGRESSIVE;
				GCC_WARN_UNUSED_FUNCTION = YES;
				GCC_WARN_UNUSED_VARIABLE = YES;
				IPHONEOS_DEPLOYMENT_TARGET = 17.0;
				LOCALIZATION_PREFERS_STRING_CATALOGS = YES;
				MTL_ENABLE_DEBUG_INFO = INCLUDE_SOURCE;
				MTL_FAST_MATH = YES;
				ONLY_ACTIVE_ARCH = YES;
				SDKROOT = iphoneos;
				SWIFT_ACTIVE_COMPILATION_CONDITIONS = "DEBUG $(inherited)";
				SWIFT_OPTIMIZATION_LEVEL = "-Onone";
			};
			name = Debug;
		};
		8C5244052B4B7183000EF274 /* Release */ = {
			isa = XCBuildConfiguration;
			buildSettings = {
				ALWAYS_SEARCH_USER_PATHS = NO;
				ASSETCATALOG_COMPILER_GENERATE_SWIFT_ASSET_SYMBOL_EXTENSIONS = YES;
				CLANG_ANALYZER_NONNULL = YES;
				CLANG_ANALYZER_NUMBER_OBJECT_CONVERSION = YES_AGGRESSIVE;
				CLANG_CXX_LANGUAGE_STANDARD = "gnu++20";
				CLANG_ENABLE_MODULES = YES;
				CLANG_ENABLE_OBJC_ARC = YES;
				CLANG_ENABLE_OBJC_WEAK = YES;
				CLANG_WARN_BLOCK_CAPTURE_AUTORELEASING = YES;
				CLANG_WARN_BOOL_CONVERSION = YES;
				CLANG_WARN_COMMA = YES;
				CLANG_WARN_CONSTANT_CONVERSION = YES;
				CLANG_WARN_DEPRECATED_OBJC_IMPLEMENTATIONS = YES;
				CLANG_WARN_DIRECT_OBJC_ISA_USAGE = YES_ERROR;
				CLANG_WARN_DOCUMENTATION_COMMENTS = YES;
				CLANG_WARN_EMPTY_BODY = YES;
				CLANG_WARN_ENUM_CONVERSION = YES;
				CLANG_WARN_INFINITE_RECURSION = YES;
				CLANG_WARN_INT_CONVERSION = YES;
				CLANG_WARN_NON_LITERAL_NULL_CONVERSION = YES;
				CLANG_WARN_OBJC_IMPLICIT_RETAIN_SELF = YES;
				CLANG_WARN_OBJC_LITERAL_CONVERSION = YES;
				CLANG_WARN_OBJC_ROOT_CLASS = YES_ERROR;
				CLANG_WARN_QUOTED_INCLUDE_IN_FRAMEWORK_HEADER = YES;
				CLANG_WARN_RANGE_LOOP_ANALYSIS = YES;
				CLANG_WARN_STRICT_PROTOTYPES = YES;
				CLANG_WARN_SUSPICIOUS_MOVE = YES;
				CLANG_WARN_UNGUARDED_AVAILABILITY = YES_AGGRESSIVE;
				CLANG_WARN_UNREACHABLE_CODE = YES;
				CLANG_WARN__DUPLICATE_METHOD_MATCH = YES;
				COPY_PHASE_STRIP = NO;
				DEBUG_INFORMATION_FORMAT = "dwarf-with-dsym";
				ENABLE_NS_ASSERTIONS = NO;
				ENABLE_STRICT_OBJC_MSGSEND = YES;
				ENABLE_USER_SCRIPT_SANDBOXING = YES;
				GCC_C_LANGUAGE_STANDARD = gnu17;
				GCC_NO_COMMON_BLOCKS = YES;
				GCC_WARN_64_TO_32_BIT_CONVERSION = YES;
				GCC_WARN_ABOUT_RETURN_TYPE = YES_ERROR;
				GCC_WARN_UNDECLARED_SELECTOR = YES;
				GCC_WARN_UNINITIALIZED_AUTOS = YES_AGGRESSIVE;
				GCC_WARN_UNUSED_FUNCTION = YES;
				GCC_WARN_UNUSED_VARIABLE = YES;
				IPHONEOS_DEPLOYMENT_TARGET = 17.0;
				LOCALIZATION_PREFERS_STRING_CATALOGS = YES;
				MTL_ENABLE_DEBUG_INFO = NO;
				MTL_FAST_MATH = YES;
				SDKROOT = iphoneos;
				SWIFT_COMPILATION_MODE = wholemodule;
				VALIDATE_PRODUCT = YES;
			};
			name = Release;
		};
		8C5244072B4B7183000EF274 /* Debug */ = {
			isa = XCBuildConfiguration;
			buildSettings = {
				ASSETCATALOG_COMPILER_APPICON_NAME = AppIcon;
				ASSETCATALOG_COMPILER_GLOBAL_ACCENT_COLOR_NAME = AccentColor;
				CODE_SIGN_STYLE = Automatic;
				CURRENT_PROJECT_VERSION = 1;
				DEVELOPMENT_ASSET_PATHS = "\"Frutas/Preview Content\"";
				ENABLE_PREVIEWS = YES;
				GENERATE_INFOPLIST_FILE = YES;
				INFOPLIST_KEY_UIApplicationSceneManifest_Generation = YES;
				INFOPLIST_KEY_UIApplicationSupportsIndirectInputEvents = YES;
				INFOPLIST_KEY_UILaunchScreen_Generation = YES;
				INFOPLIST_KEY_UISupportedInterfaceOrientations = UIInterfaceOrientationPortrait;
				LD_RUNPATH_SEARCH_PATHS = (
					"$(inherited)",
					"@executable_path/Frameworks",
				);
				MARKETING_VERSION = 1.0;
				PRODUCT_BUNDLE_IDENTIFIER = alfonsopatron.Frutas;
				PRODUCT_NAME = "$(TARGET_NAME)";
				SWIFT_EMIT_LOC_STRINGS = YES;
				SWIFT_VERSION = 5.0;
				TARGETED_DEVICE_FAMILY = "1,2";
			};
			name = Debug;
		};
		8C5244082B4B7183000EF274 /* Release */ = {
			isa = XCBuildConfiguration;
			buildSettings = {
				ASSETCATALOG_COMPILER_APPICON_NAME = AppIcon;
				ASSETCATALOG_COMPILER_GLOBAL_ACCENT_COLOR_NAME = AccentColor;
				CODE_SIGN_STYLE = Automatic;
				CURRENT_PROJECT_VERSION = 1;
				DEVELOPMENT_ASSET_PATHS = "\"Frutas/Preview Content\"";
				ENABLE_PREVIEWS = YES;
				GENERATE_INFOPLIST_FILE = YES;
				INFOPLIST_KEY_UIApplicationSceneManifest_Generation = YES;
				INFOPLIST_KEY_UIApplicationSupportsIndirectInputEvents = YES;
				INFOPLIST_KEY_UILaunchScreen_Generation = YES;
				INFOPLIST_KEY_UISupportedInterfaceOrientations = UIInterfaceOrientationPortrait;
				LD_RUNPATH_SEARCH_PATHS = (
					"$(inherited)",
					"@executable_path/Frameworks",
				);
				MARKETING_VERSION = 1.0;
				PRODUCT_BUNDLE_IDENTIFIER = alfonsopatron.Frutas;
				PRODUCT_NAME = "$(TARGET_NAME)";
				SWIFT_EMIT_LOC_STRINGS = YES;
				SWIFT_VERSION = 5.0;
				TARGETED_DEVICE_FAMILY = "1,2";
			};
			name = Release;
		};
/* End XCBuildConfiguration section */

/* Begin XCConfigurationList section */
		8C5243F32B4B7181000EF274 /* Build configuration list for PBXProject "Frutas" */ = {
			isa = XCConfigurationList;
			buildConfigurations = (
				8C5244042B4B7183000EF274 /* Debug */,
				8C5244052B4B7183000EF274 /* Release */,
			);
			defaultConfigurationIsVisible = 0;
			defaultConfigurationName = Release;
		};
		8C5244062B4B7183000EF274 /* Build configuration list for PBXNativeTarget "Frutas" */ = {
			isa = XCConfigurationList;
			buildConfigurations = (
				8C5244072B4B7183000EF274 /* Debug */,
				8C5244082B4B7183000EF274 /* Release */,
			);
			defaultConfigurationIsVisible = 0;
			defaultConfigurationName = Release;
		};
/* End XCConfigurationList section */
	};
	rootObject = 8C5243F02B4B7181000EF274 /* Project object */;
}
